
Microsoft Visual Studio Solution File, Format Version 12.00
# Visual Studio Version 17
VisualStudioVersion = 17.4.33110.190
MinimumVisualStudioVersion = 10.0.40219.1
Project("{FAE04EC0-301F-11D3-BF4B-00C04F79EFBC}") = "ADO.NET", "ADO.NET\ADO.NET.csproj", "{B72FE207-46C8-4E02-B930-785F13B91860}"
EndProject
Project("{FAE04EC0-301F-11D3-BF4B-00C04F79EFBC}") = "ExternalBase", "ExternalBase\ExternalBase.csproj", "{610F862B-4E52-49D9-A294-614BE50F80BB}"
EndProject
Project("{FAE04EC0-301F-11D3-BF4B-00C04F79EFBC}") = "Academy", "Academy\Academy.csproj", "{84A26BF7-8D91-41A1-9223-EF30978BB473}"
EndProject
Global
	GlobalSection(SolutionConfigurationPlatforms) = preSolution
		Debug|Any CPU = Debug|Any CPU
		Release|Any CPU = Release|Any CPU
	EndGlobalSection
	GlobalSection(ProjectConfigurationPlatforms) = postSolution
		{B72FE207-46C8-4E02-B930-785F13B91860}.Debug|Any CPU.ActiveCfg = Debug|Any CPU
		{B72FE207-46C8-4E02-B930-785F13B91860}.Debug|Any CPU.Build.0 = Debug|Any CPU
		{B72FE207-46C8-4E02-B930-785F13B91860}.Release|Any CPU.ActiveCfg = Release|Any CPU
		{B72FE207-46C8-4E02-B930-785F13B91860}.Release|Any CPU.Build.0 = Release|Any CPU
		{610F862B-4E52-49D9-A294-614BE50F80BB}.Debug|Any CPU.ActiveCfg = Debug|Any CPU
		{610F862B-4E52-49D9-A294-614BE50F80BB}.Debug|Any CPU.Build.0 = Debug|Any CPU
		{610F862B-4E52-49D9-A294-614BE50F80BB}.Release|Any CPU.ActiveCfg = Release|Any CPU
		{610F862B-4E52-49D9-A294-614BE50F80BB}.Release|Any CPU.Build.0 = Release|Any CPU
		{84A26BF7-8D91-41A1-9223-EF30978BB473}.Debug|Any CPU.ActiveCfg = Debug|Any CPU
		{84A26BF7-8D91-41A1-9223-EF30978BB473}.Debug|Any CPU.Build.0 = Debug|Any CPU
		{84A26BF7-8D91-41A1-9223-EF30978BB473}.Release|Any CPU.ActiveCfg = Release|Any CPU
		{84A26BF7-8D91-41A1-9223-EF30978BB473}.Release|Any CPU.Build.0 = Release|Any CPU
	EndGlobalSection
	GlobalSection(SolutionProperties) = preSolution
		HideSolutionNode = FALSE
	EndGlobalSection
	GlobalSection(ExtensibilityGlobals) = postSolution
		SolutionGuid = {5544943D-4E84-4707-B64B-BC128D6CA6C3}
	EndGlobalSection
EndGlobal
